
Microsoft Visual Studio Solution File, Format Version 12.00
# Visual Studio 14
VisualStudioVersion = 14.0.23107.0
MinimumVisualStudioVersion = 10.0.40219.1
Project("{FAE04EC0-301F-11D3-BF4B-00C04F79EFBC}") = "SPV.BE", "SPV.BE\SPV.BE.csproj", "{ACC4C0AB-A95A-4715-BF89-B6FCFF5209A3}"
EndProject
Project("{FAE04EC0-301F-11D3-BF4B-00C04F79EFBC}") = "SPV.BL", "SPV.BL\SPV.BL.csproj", "{F27BB598-47E6-4530-806F-E7A89A6D912F}"
EndProject
Project("{FAE04EC0-301F-11D3-BF4B-00C04F79EFBC}") = "SPV.DA", "SPV.DA\SPV.DA.csproj", "{D303164C-FF08-4259-9D22-7A9A0BDA5505}"
EndProject
Project("{FAE04EC0-301F-11D3-BF4B-00C04F79EFBC}") = "SPV.WebMVC", "SPV.WebMVC\SPV.WebMVC.csproj", "{C0C31E6C-650A-490A-B001-2CDD27ED0D90}"
EndProject
Global
	GlobalSection(SolutionConfigurationPlatforms) = preSolution
		Debug|Any CPU = Debug|Any CPU
		Release|Any CPU = Release|Any CPU
	EndGlobalSection
	GlobalSection(ProjectConfigurationPlatforms) = postSolution
		{ACC4C0AB-A95A-4715-BF89-B6FCFF5209A3}.Debug|Any CPU.ActiveCfg = Debug|Any CPU
		{ACC4C0AB-A95A-4715-BF89-B6FCFF5209A3}.Debug|Any CPU.Build.0 = Debug|Any CPU
		{ACC4C0AB-A95A-4715-BF89-B6FCFF5209A3}.Release|Any CPU.ActiveCfg = Release|Any CPU
		{ACC4C0AB-A95A-4715-BF89-B6FCFF5209A3}.Release|Any CPU.Build.0 = Release|Any CPU
		{F27BB598-47E6-4530-806F-E7A89A6D912F}.Debug|Any CPU.ActiveCfg = Debug|Any CPU
		{F27BB598-47E6-4530-806F-E7A89A6D912F}.Debug|Any CPU.Build.0 = Debug|Any CPU
		{F27BB598-47E6-4530-806F-E7A89A6D912F}.Release|Any CPU.ActiveCfg = Release|Any CPU
		{F27BB598-47E6-4530-806F-E7A89A6D912F}.Release|Any CPU.Build.0 = Release|Any CPU
		{D303164C-FF08-4259-9D22-7A9A0BDA5505}.Debug|Any CPU.ActiveCfg = Debug|Any CPU
		{D303164C-FF08-4259-9D22-7A9A0BDA5505}.Debug|Any CPU.Build.0 = Debug|Any CPU
		{D303164C-FF08-4259-9D22-7A9A0BDA5505}.Release|Any CPU.ActiveCfg = Release|Any CPU
		{D303164C-FF08-4259-9D22-7A9A0BDA5505}.Release|Any CPU.Build.0 = Release|Any CPU
		{C0C31E6C-650A-490A-B001-2CDD27ED0D90}.Debug|Any CPU.ActiveCfg = Debug|Any CPU
		{C0C31E6C-650A-490A-B001-2CDD27ED0D90}.Debug|Any CPU.Build.0 = Debug|Any CPU
		{C0C31E6C-650A-490A-B001-2CDD27ED0D90}.Release|Any CPU.ActiveCfg = Release|Any CPU
		{C0C31E6C-650A-490A-B001-2CDD27ED0D90}.Release|Any CPU.Build.0 = Release|Any CPU
	EndGlobalSection
	GlobalSection(SolutionProperties) = preSolution
		HideSolutionNode = FALSE
	EndGlobalSection
EndGlobal
